
Microsoft Visual Studio Solution File, Format Version 12.00
# Visual Studio Version 17
VisualStudioVersion = 17.1.32210.238
MinimumVisualStudioVersion = 10.0.40219.1
Project("{9A19103F-16F7-4668-BE54-9A1E7A4F7556}") = "UserRegistrationDay26", "UserRegistrationDay26\UserRegistrationDay26.csproj", "{769B5D00-FF97-4EC0-BF35-415D15C87B5E}"
EndProject
Project("{FAE04EC0-301F-11D3-BF4B-00C04F79EFBC}") = "MoodAnalyseerTest", "MoodAnalyseerTest\MoodAnalyseerTest.csproj", "{C8F571A7-32CE-421D-9B11-D4169E2D4305}"
EndProject
Project("{FAE04EC0-301F-11D3-BF4B-00C04F79EFBC}") = "UserRegistrationTest", "UserRegistrationTest\UserRegistrationTest.csproj", "{71D9258F-0EAB-4071-B7D7-02E9D1657C3A}"
EndProject
Global
	GlobalSection(SolutionConfigurationPlatforms) = preSolution
		Debug|Any CPU = Debug|Any CPU
		Release|Any CPU = Release|Any CPU
	EndGlobalSection
	GlobalSection(ProjectConfigurationPlatforms) = postSolution
		{769B5D00-FF97-4EC0-BF35-415D15C87B5E}.Debug|Any CPU.ActiveCfg = Debug|Any CPU
		{769B5D00-FF97-4EC0-BF35-415D15C87B5E}.Debug|Any CPU.Build.0 = Debug|Any CPU
		{769B5D00-FF97-4EC0-BF35-415D15C87B5E}.Release|Any CPU.ActiveCfg = Release|Any CPU
		{769B5D00-FF97-4EC0-BF35-415D15C87B5E}.Release|Any CPU.Build.0 = Release|Any CPU
		{C8F571A7-32CE-421D-9B11-D4169E2D4305}.Debug|Any CPU.ActiveCfg = Debug|Any CPU
		{C8F571A7-32CE-421D-9B11-D4169E2D4305}.Debug|Any CPU.Build.0 = Debug|Any CPU
		{C8F571A7-32CE-421D-9B11-D4169E2D4305}.Release|Any CPU.ActiveCfg = Release|Any CPU
		{C8F571A7-32CE-421D-9B11-D4169E2D4305}.Release|Any CPU.Build.0 = Release|Any CPU
		{71D9258F-0EAB-4071-B7D7-02E9D1657C3A}.Debug|Any CPU.ActiveCfg = Debug|Any CPU
		{71D9258F-0EAB-4071-B7D7-02E9D1657C3A}.Debug|Any CPU.Build.0 = Debug|Any CPU
		{71D9258F-0EAB-4071-B7D7-02E9D1657C3A}.Release|Any CPU.ActiveCfg = Release|Any CPU
		{71D9258F-0EAB-4071-B7D7-02E9D1657C3A}.Release|Any CPU.Build.0 = Release|Any CPU
	EndGlobalSection
	GlobalSection(SolutionProperties) = preSolution
		HideSolutionNode = FALSE
	EndGlobalSection
	GlobalSection(ExtensibilityGlobals) = postSolution
		SolutionGuid = {EDA2EE5A-ED90-40D5-A318-53164F858BD5}
	EndGlobalSection
EndGlobal
